// !$*UTF8*$!
{
	archiveVersion = 1;
	classes = {
	};
	objectVersion = 54;
	objects = {

/* Begin PBXBuildFile section */
		000000000000000000000016 /* app/TerentoCore/Sources/TerentoPoC/Compatibility/CompatibilityEngine.swift in Sources */ = {isa = PBXBuildFile; fileRef = 000000000000000000000015 /* app/TerentoCore/Sources/TerentoPoC/Compatibility/CompatibilityEngine.swift */; };
		000000000000000000000018 /* app/TerentoCore/Sources/TerentoPoC/Compatibility/CompatibilityPresentation.swift in Sources */ = {isa = PBXBuildFile; fileRef = 000000000000000000000017 /* app/TerentoCore/Sources/TerentoPoC/Compatibility/CompatibilityPresentation.swift */; };
		00000000000000000000001a /* app/TerentoCore/Sources/TerentoPoC/Compatibility/DeviceAssetRegistry.swift in Sources */ = {isa = PBXBuildFile; fileRef = 000000000000000000000019 /* app/TerentoCore/Sources/TerentoPoC/Compatibility/DeviceAssetRegistry.swift */; };
		00000000000000000000001c /* app/TerentoCore/Sources/TerentoPoC/Compatibility/DeviceIdentity.swift in Sources */ = {isa = PBXBuildFile; fileRef = 00000000000000000000001b /* app/TerentoCore/Sources/TerentoPoC/Compatibility/DeviceIdentity.swift */; };
		00000000000000000000001e /* app/TerentoCore/Sources/TerentoPoC/Compatibility/DevicePresentation.swift in Sources */ = {isa = PBXBuildFile; fileRef = 00000000000000000000001d /* app/TerentoCore/Sources/TerentoPoC/Compatibility/DevicePresentation.swift */; };
		000000000000000000000020 /* app/TerentoCore/Sources/TerentoPoC/Compatibility/DeviceRegistry.swift in Sources */ = {isa = PBXBuildFile; fileRef = 00000000000000000000001f /* app/TerentoCore/Sources/TerentoPoC/Compatibility/DeviceRegistry.swift */; };
		000000000000000000000022 /* app/TerentoCore/Sources/TerentoPoC/Compatibility/GarminDeviceIdentityAdapter.swift in Sources */ = {isa = PBXBuildFile; fileRef = 000000000000000000000021 /* app/TerentoCore/Sources/TerentoPoC/Compatibility/GarminDeviceIdentityAdapter.swift */; };
		000000000000000000000024 /* app/TerentoCore/Sources/TerentoPoC/Concurrency/CancellableDetached.swift in Sources */ = {isa = PBXBuildFile; fileRef = 000000000000000000000023 /* app/TerentoCore/Sources/TerentoPoC/Concurrency/CancellableDetached.swift */; };
		000000000000000000000026 /* app/TerentoCore/Sources/TerentoPoC/DeviceEngine/DeviceEngine.swift in Sources */ = {isa = PBXBuildFile; fileRef = 000000000000000000000025 /* app/TerentoCore/Sources/TerentoPoC/DeviceEngine/DeviceEngine.swift */; };
		000000000000000000000028 /* app/TerentoCore/Sources/TerentoPoC/DeviceEngine/DeviceStateManager.swift in Sources */ = {isa = PBXBuildFile; fileRef = 000000000000000000000027 /* app/TerentoCore/Sources/TerentoPoC/DeviceEngine/DeviceStateManager.swift */; };
		00000000000000000000002a /* app/TerentoCore/Sources/TerentoPoC/Errors/UserFacingErrorMessage.swift in Sources */ = {isa = PBXBuildFile; fileRef = 000000000000000000000029 /* app/TerentoCore/Sources/TerentoPoC/Errors/UserFacingErrorMessage.swift */; };
		00000000000000000000002c /* app/TerentoCore/Sources/TerentoPoC/Installation/InstallProfile.swift in Sources */ = {isa = PBXBuildFile; fileRef = 00000000000000000000002b /* app/TerentoCore/Sources/TerentoPoC/Installation/InstallProfile.swift */; };
		00000000000000000000002e /* app/TerentoCore/Sources/TerentoPoC/Installation/InstallationFailureRecovery.swift in Sources */ = {isa = PBXBuildFile; fileRef = 00000000000000000000002d /* app/TerentoCore/Sources/TerentoPoC/Installation/InstallationFailureRecovery.swift */; };
		000000000000000000000030 /* app/TerentoCore/Sources/TerentoPoC/Installation/InstallationPreflight.swift in Sources */ = {isa = PBXBuildFile; fileRef = 00000000000000000000002f /* app/TerentoCore/Sources/TerentoPoC/Installation/InstallationPreflight.swift */; };
		000000000000000000000032 /* app/TerentoCore/Sources/TerentoPoC/Installation/InstallationSafetyModels.swift in Sources */ = {isa = PBXBuildFile; fileRef = 000000000000000000000031 /* app/TerentoCore/Sources/TerentoPoC/Installation/InstallationSafetyModels.swift */; };
		000000000000000000000034 /* app/TerentoCore/Sources/TerentoPoC/Installation/InstallationTransaction.swift in Sources */ = {isa = PBXBuildFile; fileRef = 000000000000000000000033 /* app/TerentoCore/Sources/TerentoPoC/Installation/InstallationTransaction.swift */; };
		000000000000000000000036 /* app/TerentoCore/Sources/TerentoPoC/Installation/InstallationTransportProtocols.swift in Sources */ = {isa = PBXBuildFile; fileRef = 000000000000000000000035 /* app/TerentoCore/Sources/TerentoPoC/Installation/InstallationTransportProtocols.swift */; };
		000000000000000000000038 /* app/TerentoCore/Sources/TerentoPoC/Installation/MTPMapInstallationTransport.swift in Sources */ = {isa = PBXBuildFile; fileRef = 000000000000000000000037 /* app/TerentoCore/Sources/TerentoPoC/Installation/MTPMapInstallationTransport.swift */; };
		A12560000000000000000004 /* app/TerentoCore/Sources/TerentoPoC/Installation/NativeMutationLedger.swift in Sources */ = {isa = PBXBuildFile; fileRef = A12560000000000000000003 /* app/TerentoCore/Sources/TerentoPoC/Installation/NativeMutationLedger.swift */; };
		00000000000000000000003a /* app/TerentoCore/Sources/TerentoPoC/Installation/MTPMapReadAdapter.swift in Sources */ = {isa = PBXBuildFile; fileRef = 000000000000000000000039 /* app/TerentoCore/Sources/TerentoPoC/Installation/MTPMapReadAdapter.swift */; };
		00000000000000000000003c /* app/TerentoCore/Sources/TerentoPoC/Installation/MTPSafeDeleteTransport.swift in Sources */ = {isa = PBXBuildFile; fileRef = 00000000000000000000003b /* app/TerentoCore/Sources/TerentoPoC/Installation/MTPSafeDeleteTransport.swift */; };
		00000000000000000000003e /* app/TerentoCore/Sources/TerentoPoC/Installation/MTPSafeUpdateTransport.swift in Sources */ = {isa = PBXBuildFile; fileRef = 00000000000000000000003d /* app/TerentoCore/Sources/TerentoPoC/Installation/MTPSafeUpdateTransport.swift */; };
		000000000000000000000040 /* app/TerentoCore/Sources/TerentoPoC/Installation/ManagedFilename.swift in Sources */ = {isa = PBXBuildFile; fileRef = 00000000000000000000003f /* app/TerentoCore/Sources/TerentoPoC/Installation/ManagedFilename.swift */; };
		000000000000000000000042 /* app/TerentoCore/Sources/TerentoPoC/Installation/MapConflictResolver.swift in Sources */ = {isa = PBXBuildFile; fileRef = 000000000000000000000041 /* app/TerentoCore/Sources/TerentoPoC/Installation/MapConflictResolver.swift */; };
		000000000000000000000044 /* app/TerentoCore/Sources/TerentoPoC/Installation/MapInstallationCoordinator.swift in Sources */ = {isa = PBXBuildFile; fileRef = 000000000000000000000043 /* app/TerentoCore/Sources/TerentoPoC/Installation/MapInstallationCoordinator.swift */; };
		A12560000000000000000002 /* app/TerentoCore/Sources/TerentoPoC/Installation/ProtectedMapInventory.swift in Sources */ = {isa = PBXBuildFile; fileRef = A12560000000000000000001 /* app/TerentoCore/Sources/TerentoPoC/Installation/ProtectedMapInventory.swift */; };
		000000000000000000000046 /* app/TerentoCore/Sources/TerentoPoC/Installation/MapLifecycle.swift in Sources */ = {isa = PBXBuildFile; fileRef = 000000000000000000000045 /* app/TerentoCore/Sources/TerentoPoC/Installation/MapLifecycle.swift */; };
		000000000000000000000048 /* app/TerentoCore/Sources/TerentoPoC/Installation/MapLifecycleOperationController.swift in Sources */ = {isa = PBXBuildFile; fileRef = 000000000000000000000047 /* app/TerentoCore/Sources/TerentoPoC/Installation/MapLifecycleOperationController.swift */; };
		00000000000000000000004a /* app/TerentoCore/Sources/TerentoPoC/Installation/MapLifecyclePresentation.swift in Sources */ = {isa = PBXBuildFile; fileRef = 000000000000000000000049 /* app/TerentoCore/Sources/TerentoPoC/Installation/MapLifecyclePresentation.swift */; };
		00000000000000000000004c /* app/TerentoCore/Sources/TerentoPoC/Installation/MapLifecycleViewModel.swift in Sources */ = {isa = PBXBuildFile; fileRef = 00000000000000000000004b /* app/TerentoCore/Sources/TerentoPoC/Installation/MapLifecycleViewModel.swift */; };
		00000000000000000000004e /* app/TerentoCore/Sources/TerentoPoC/Installation/MapSourceValidator.swift in Sources */ = {isa = PBXBuildFile; fileRef = 00000000000000000000004d /* app/TerentoCore/Sources/TerentoPoC/Installation/MapSourceValidator.swift */; };
		000000000000000000000050 /* app/TerentoCore/Sources/TerentoPoC/Installation/MapReadTransport.swift in Sources */ = {isa = PBXBuildFile; fileRef = 00000000000000000000004f /* app/TerentoCore/Sources/TerentoPoC/Installation/MapReadTransport.swift */; };
		000000000000000000000052 /* app/TerentoCore/Sources/TerentoPoC/Installation/SafeDeleteAdapter.swift in Sources */ = {isa = PBXBuildFile; fileRef = 000000000000000000000051 /* app/TerentoCore/Sources/TerentoPoC/Installation/SafeDeleteAdapter.swift */; };
		000000000000000000000054 /* app/TerentoCore/Sources/TerentoPoC/Installation/SafeUpdateTransaction.swift in Sources */ = {isa = PBXBuildFile; fileRef = 000000000000000000000053 /* app/TerentoCore/Sources/TerentoPoC/Installation/SafeUpdateTransaction.swift */; };
		000000000000000000000056 /* app/TerentoCore/Sources/TerentoPoC/Installation/Stage42TargetPolicy.swift in Sources */ = {isa = PBXBuildFile; fileRef = 000000000000000000000055 /* app/TerentoCore/Sources/TerentoPoC/Installation/Stage42TargetPolicy.swift */; };
		000000000000000000000058 /* app/TerentoCore/Sources/TerentoPoC/Installation/StoragePlanner.swift in Sources */ = {isa = PBXBuildFile; fileRef = 000000000000000000000057 /* app/TerentoCore/Sources/TerentoPoC/Installation/StoragePlanner.swift */; };
		00000000000000000000005a /* app/TerentoCore/Sources/TerentoPoC/Installation/TerentoManifestStore.swift in Sources */ = {isa = PBXBuildFile; fileRef = 000000000000000000000059 /* app/TerentoCore/Sources/TerentoPoC/Installation/TerentoManifestStore.swift */; };
		00000000000000000000005c /* app/TerentoCore/Sources/TerentoPoC/Installation/TransferVerification.swift in Sources */ = {isa = PBXBuildFile; fileRef = 00000000000000000000005b /* app/TerentoCore/Sources/TerentoPoC/Installation/TransferVerification.swift */; };
		00000000000000000000005e /* app/TerentoCore/Sources/TerentoPoC/MTPTransport/MTPOperationGate.swift in Sources */ = {isa = PBXBuildFile; fileRef = 00000000000000000000005d /* app/TerentoCore/Sources/TerentoPoC/MTPTransport/MTPOperationGate.swift */; };
		000000000000000000000060 /* app/TerentoCore/Sources/TerentoPoC/MTPTransport/MTPTransport.swift in Sources */ = {isa = PBXBuildFile; fileRef = 00000000000000000000005f /* app/TerentoCore/Sources/TerentoPoC/MTPTransport/MTPTransport.swift */; };
		000000000000000000000062 /* app/TerentoCore/Sources/TerentoPoC/MapCatalog/InstalledMap.swift in Sources */ = {isa = PBXBuildFile; fileRef = 000000000000000000000061 /* app/TerentoCore/Sources/TerentoPoC/MapCatalog/InstalledMap.swift */; };
		000000000000000000000064 /* app/TerentoCore/Sources/TerentoPoC/MapCatalog/MapCatalogLoader.swift in Sources */ = {isa = PBXBuildFile; fileRef = 000000000000000000000063 /* app/TerentoCore/Sources/TerentoPoC/MapCatalog/MapCatalogLoader.swift */; };
		000000000000000000000066 /* app/TerentoCore/Sources/TerentoPoC/MapCatalog/MapComparison.swift in Sources */ = {isa = PBXBuildFile; fileRef = 000000000000000000000065 /* app/TerentoCore/Sources/TerentoPoC/MapCatalog/MapComparison.swift */; };
		000000000000000000000068 /* app/TerentoCore/Sources/TerentoPoC/MapCatalog/MapEngine.swift in Sources */ = {isa = PBXBuildFile; fileRef = 000000000000000000000067 /* app/TerentoCore/Sources/TerentoPoC/MapCatalog/MapEngine.swift */; };
		00000000000000000000006a /* app/TerentoCore/Sources/TerentoPoC/MapCatalog/MapIdentity.swift in Sources */ = {isa = PBXBuildFile; fileRef = 000000000000000000000069 /* app/TerentoCore/Sources/TerentoPoC/MapCatalog/MapIdentity.swift */; };
		00000000000000000000006c /* app/TerentoCore/Sources/TerentoPoC/MapCatalog/MapInventoryList.swift in Sources */ = {isa = PBXBuildFile; fileRef = 00000000000000000000006b /* app/TerentoCore/Sources/TerentoPoC/MapCatalog/MapInventoryList.swift */; };
		00000000000000000000006e /* app/TerentoCore/Sources/TerentoPoC/MapCatalog/MapModels.swift in Sources */ = {isa = PBXBuildFile; fileRef = 00000000000000000000006d /* app/TerentoCore/Sources/TerentoPoC/MapCatalog/MapModels.swift */; };
		000000000000000000000070 /* app/TerentoCore/Sources/TerentoPoC/MapCatalog/MapOwnership.swift in Sources */ = {isa = PBXBuildFile; fileRef = 00000000000000000000006f /* app/TerentoCore/Sources/TerentoPoC/MapCatalog/MapOwnership.swift */; };
		000000000000000000000072 /* app/TerentoCore/Sources/TerentoPoC/MapCatalog/MapPackageAcquisition.swift in Sources */ = {isa = PBXBuildFile; fileRef = 000000000000000000000071 /* app/TerentoCore/Sources/TerentoPoC/MapCatalog/MapPackageAcquisition.swift */; };
		000000000000000000000074 /* app/TerentoCore/Sources/TerentoPoC/MapCatalog/MapPresentation.swift in Sources */ = {isa = PBXBuildFile; fileRef = 000000000000000000000073 /* app/TerentoCore/Sources/TerentoPoC/MapCatalog/MapPresentation.swift */; };
		000000000000000000000076 /* app/TerentoCore/Sources/TerentoPoC/MapCatalog/MapSelectionPlanner.swift in Sources */ = {isa = PBXBuildFile; fileRef = 000000000000000000000075 /* app/TerentoCore/Sources/TerentoPoC/MapCatalog/MapSelectionPlanner.swift */; };
		000000000000000000000078 /* app/TerentoCore/Sources/TerentoPoC/MapCatalog/MapSelectionPresentation.swift in Sources */ = {isa = PBXBuildFile; fileRef = 000000000000000000000077 /* app/TerentoCore/Sources/TerentoPoC/MapCatalog/MapSelectionPresentation.swift */; };
		00000000000000000000007a /* app/TerentoCore/Sources/TerentoPoC/MapCatalog/MapStorageEvaluator.swift in Sources */ = {isa = PBXBuildFile; fileRef = 000000000000000000000079 /* app/TerentoCore/Sources/TerentoPoC/MapCatalog/MapStorageEvaluator.swift */; };
		00000000000000000000007c /* app/TerentoCore/Sources/TerentoPoC/MapCatalog/MapVersion.swift in Sources */ = {isa = PBXBuildFile; fileRef = 00000000000000000000007b /* app/TerentoCore/Sources/TerentoPoC/MapCatalog/MapVersion.swift */; };
		00000000000000000000007e /* app/TerentoCore/Sources/TerentoPoC/Models/MTPModels.swift in Sources */ = {isa = PBXBuildFile; fileRef = 00000000000000000000007d /* app/TerentoCore/Sources/TerentoPoC/Models/MTPModels.swift */; };
		000000000000000000000080 /* app/TerentoCore/Sources/TerentoPoC/TerentoPoCApp.swift in Sources */ = {isa = PBXBuildFile; fileRef = 00000000000000000000007f /* app/TerentoCore/Sources/TerentoPoC/TerentoPoCApp.swift */; };
		000000000000000000000082 /* app/TerentoCore/Sources/TerentoPoC/Views/ConnectScreen.swift in Sources */ = {isa = PBXBuildFile; fileRef = 000000000000000000000081 /* app/TerentoCore/Sources/TerentoPoC/Views/ConnectScreen.swift */; };
		000000000000000000000084 /* app/TerentoCore/Sources/TerentoPoC/Views/ContentView.swift in Sources */ = {isa = PBXBuildFile; fileRef = 000000000000000000000083 /* app/TerentoCore/Sources/TerentoPoC/Views/ContentView.swift */; };
		000000000000000000000086 /* app/Terento/TerentoAppResourceCompatibility.swift in Sources */ = {isa = PBXBuildFile; fileRef = 000000000000000000000085 /* app/Terento/TerentoAppResourceCompatibility.swift */; };
		000000000000000000000088 /* app/TerentoCore/Sources/LibMTPBridge/MTPBridge.c in Sources */ = {isa = PBXBuildFile; fileRef = 000000000000000000000087 /* app/TerentoCore/Sources/LibMTPBridge/MTPBridge.c */; };
		00000000000000000000008a /* app/Terento/Assets.xcassets in Resources */ = {isa = PBXBuildFile; fileRef = 000000000000000000000014 /* app/Terento/Assets.xcassets */; };
		00000000000000000000008c /* app/TerentoCore/Sources/TerentoPoC/Resources/Brand/logo.svg in Resources */ = {isa = PBXBuildFile; fileRef = 00000000000000000000008b /* app/TerentoCore/Sources/TerentoPoC/Resources/Brand/logo.svg */; };
		00000000000000000000008e /* app/TerentoCore/Sources/TerentoPoC/Resources/Devices/fenix8-render.png in Resources */ = {isa = PBXBuildFile; fileRef = 00000000000000000000008d /* app/TerentoCore/Sources/TerentoPoC/Resources/Devices/fenix8-render.png */; };
		000000000000000000000090 /* app/TerentoCore/Sources/TerentoPoC/Resources/Devices/generic-garmin-watch.png in Resources */ = {isa = PBXBuildFile; fileRef = 00000000000000000000008f /* app/TerentoCore/Sources/TerentoPoC/Resources/Devices/generic-garmin-watch.png */; };
		000000000000000000000092 /* app/TerentoCore/Sources/TerentoPoC/Resources/Illustrations/connect-illustration.png in Resources */ = {isa = PBXBuildFile; fileRef = 000000000000000000000091 /* app/TerentoCore/Sources/TerentoPoC/Resources/Illustrations/connect-illustration.png */; };
		000000000000000000000096 /* app/TerentoCore/Sources/TerentoPoC/Resources/Maps/catalog.json in Resources */ = {isa = PBXBuildFile; fileRef = 000000000000000000000095 /* app/TerentoCore/Sources/TerentoPoC/Resources/Maps/catalog.json */; };
		000000000000000000000098 /* LICENSE in Resources */ = {isa = PBXBuildFile; fileRef = 000000000000000000000099 /* LICENSE */; };
		00000000000000000000009a /* THIRD_PARTY_NOTICES.md in Resources */ = {isa = PBXBuildFile; fileRef = 00000000000000000000009b /* THIRD_PARTY_NOTICES.md */; };
		00000000000000000000009d /* app/TerentoCore/Sources/TerentoPoC/Views/NavigationPresentation.swift in Sources */ = {isa = PBXBuildFile; fileRef = 00000000000000000000009e /* app/TerentoCore/Sources/TerentoPoC/Views/NavigationPresentation.swift */; };
		00000000000000000000009f /* app/TerentoCore/Sources/TerentoPoC/Views/WindowPresentation.swift in Sources */ = {isa = PBXBuildFile; fileRef = 0000000000000000000000a0 /* app/TerentoCore/Sources/TerentoPoC/Views/WindowPresentation.swift */; };
		0000000000000000000000a3 /* app/TerentoCore/Sources/TerentoPoC/Views/AppLinks.swift in Sources */ = {isa = PBXBuildFile; fileRef = 0000000000000000000000a4 /* app/TerentoCore/Sources/TerentoPoC/Views/AppLinks.swift */; };
		0000000000000000000000a5 /* app/TerentoCore/Sources/TerentoPoC/Views/AboutTerentoView.swift in Sources */ = {isa = PBXBuildFile; fileRef = 0000000000000000000000a6 /* app/TerentoCore/Sources/TerentoPoC/Views/AboutTerentoView.swift */; };
		0000000000000000000000a7 /* app/TerentoCore/Sources/TerentoPoC/Compatibility/MapCapability.swift in Sources */ = {isa = PBXBuildFile; fileRef = 0000000000000000000000a8 /* app/TerentoCore/Sources/TerentoPoC/Compatibility/MapCapability.swift */; };
		0000000000000000000000aa /* app/TerentoCore/Sources/TerentoPoC/Resources/Illustrations/connect-illustration-connecting.png in Resources */ = {isa = PBXBuildFile; fileRef = 0000000000000000000000ab /* app/TerentoCore/Sources/TerentoPoC/Resources/Illustrations/connect-illustration-connecting.png */; };
		0000000000000000000000ad /* app/TerentoCore/Sources/TerentoPoC/Diagnostics/TerentoDiagnosticLog.swift in Sources */ = {isa = PBXBuildFile; fileRef = 0000000000000000000000ae /* app/TerentoCore/Sources/TerentoPoC/Diagnostics/TerentoDiagnosticLog.swift */; };
		0000000000000000000000b0 /* app/TerentoCore/Sources/TerentoPoC/Compatibility/InstallationEvidence.swift in Sources */ = {isa = PBXBuildFile; fileRef = 0000000000000000000000b1 /* app/TerentoCore/Sources/TerentoPoC/Compatibility/InstallationEvidence.swift */; };
		0000000000000000000000b2 /* app/TerentoCore/Sources/TerentoPoC/Diagnostics/InstallationIssueReport.swift in Sources */ = {isa = PBXBuildFile; fileRef = 0000000000000000000000b3 /* app/TerentoCore/Sources/TerentoPoC/Diagnostics/InstallationIssueReport.swift */; };
		0000000000000000000000b4 /* app/TerentoCore/Sources/TerentoPoC/Compatibility/CompatibilityStatusClient.swift in Sources */ = {isa = PBXBuildFile; fileRef = 0000000000000000000000b5 /* app/TerentoCore/Sources/TerentoPoC/Compatibility/CompatibilityStatusClient.swift */; };
		0000000000000000000000b6 /* app/TerentoCore/Sources/TerentoPoC/Installation/MTPMapOperationProfileBridge.swift in Sources */ = {isa = PBXBuildFile; fileRef = 0000000000000000000000b7 /* app/TerentoCore/Sources/TerentoPoC/Installation/MTPMapOperationProfileBridge.swift */; };
		0000000000000000000000b8 /* app/TerentoCore/Sources/TerentoPoC/Installation/ManagedMapRecovery.swift in Sources */ = {isa = PBXBuildFile; fileRef = 0000000000000000000000b9 /* app/TerentoCore/Sources/TerentoPoC/Installation/ManagedMapRecovery.swift */; };
		0000000000000000000000ba /* app/TerentoCore/Sources/TerentoPoC/Views/DesignSystem/TerentoTokens.generated.swift in Sources */ = {isa = PBXBuildFile; fileRef = 0000000000000000000000bb /* app/TerentoCore/Sources/TerentoPoC/Views/DesignSystem/TerentoTokens.generated.swift */; };
		0000000000000000000000bc /* app/TerentoCore/Sources/TerentoPoC/Views/DesignSystem/TerentoColors.swift in Sources */ = {isa = PBXBuildFile; fileRef = 0000000000000000000000bd /* app/TerentoCore/Sources/TerentoPoC/Views/DesignSystem/TerentoColors.swift */; };
		0000000000000000000000be /* app/TerentoCore/Sources/TerentoPoC/Views/DesignSystem/TerentoTypography.swift in Sources */ = {isa = PBXBuildFile; fileRef = 0000000000000000000000bf /* app/TerentoCore/Sources/TerentoPoC/Views/DesignSystem/TerentoTypography.swift */; };
		0000000000000000000000c1 /* app/TerentoCore/Sources/TerentoPoC/MapCatalog/MapArtifactPlanning.swift in Sources */ = {isa = PBXBuildFile; fileRef = 0000000000000000000000c0 /* app/TerentoCore/Sources/TerentoPoC/MapCatalog/MapArtifactPlanning.swift */; };
		0000000000000000000000d0 /* app/TerentoCore/Sources/TerentoPoC/Statistics/MapStatisticsEvent.swift in Sources */ = {isa = PBXBuildFile; fileRef = 0000000000000000000000d1 /* app/TerentoCore/Sources/TerentoPoC/Statistics/MapStatisticsEvent.swift */; };
		0000000000000000000000d3 /* app/TerentoCore/Sources/TerentoPoC/Views/DiagnosticsView.swift in Sources */ = {isa = PBXBuildFile; fileRef = 0000000000000000000000d2 /* app/TerentoCore/Sources/TerentoPoC/Views/DiagnosticsView.swift */; };
		0000000000000000000000d4 /* app/TerentoCore/Sources/TerentoPoC/Telemetry/TerentoTelemetryMetadata.swift in Sources */ = {isa = PBXBuildFile; fileRef = 0000000000000000000000d5 /* app/TerentoCore/Sources/TerentoPoC/Telemetry/TerentoTelemetryMetadata.swift */; };
		B11000000000000000000001 /* app/TerentoCore/Sources/TerentoPoC/MTPTransport/BoundedNativeProcess.swift in Sources */ = {isa = PBXBuildFile; fileRef = B11000000000000000000002 /* app/TerentoCore/Sources/TerentoPoC/MTPTransport/BoundedNativeProcess.swift */; };
		BBB100000000000000000002 /* app/TerentoCore/Sources/TerentoPoC/MapCatalog/BBBikeArchiveSafety.swift in Sources */ = {isa = PBXBuildFile; fileRef = BBB100000000000000000001 /* app/TerentoCore/Sources/TerentoPoC/MapCatalog/BBBikeArchiveSafety.swift */; };
		CA7A10600000000000000002 /* app/TerentoCore/Sources/TerentoPoC/Views/MapInventoryListPresentation.swift in Sources */ = {isa = PBXBuildFile; fileRef = CA7A10600000000000000001 /* app/TerentoCore/Sources/TerentoPoC/Views/MapInventoryListPresentation.swift */; };
		D1A600000000000000000001 /* app/TerentoCore/Sources/TerentoPoC/Compatibility/InstallationOperationDiagnostics.swift in Sources */ = {isa = PBXBuildFile; fileRef = D1A600000000000000000002 /* app/TerentoCore/Sources/TerentoPoC/Compatibility/InstallationOperationDiagnostics.swift */; };
/* End PBXBuildFile section */

/* Begin PBXFileReference section */
		00000000000000000000000d /* Terento.app */ = {isa = PBXFileReference; explicitFileType = wrapper.application; includeInIndex = 0; path = Terento.app; sourceTree = BUILT_PRODUCTS_DIR; };
		000000000000000000000011 /* app/Terento/Info.plist */ = {isa = PBXFileReference; fileEncoding = 4; lastKnownFileType = text.plist.xml; path = app/Terento/Info.plist; sourceTree = SOURCE_ROOT; };
		000000000000000000000012 /* app/Terento/Terento.entitlements */ = {isa = PBXFileReference; fileEncoding = 4; lastKnownFileType = text.plist.entitlements; path = app/Terento/Terento.entitlements; sourceTree = SOURCE_ROOT; };
		000000000000000000000013 /* app/Terento/Terento-Bridging-Header.h */ = {isa = PBXFileReference; fileEncoding = 4; lastKnownFileType = sourcecode.c.h; path = "app/Terento/Terento-Bridging-Header.h"; sourceTree = SOURCE_ROOT; };
		000000000000000000000014 /* app/Terento/Assets.xcassets */ = {isa = PBXFileReference; fileEncoding = 4; lastKnownFileType = folder.assetcatalog; path = app/Terento/Assets.xcassets; sourceTree = SOURCE_ROOT; };
		000000000000000000000015 /* app/TerentoCore/Sources/TerentoPoC/Compatibility/CompatibilityEngine.swift */ = {isa = PBXFileReference; fileEncoding = 4; lastKnownFileType = sourcecode.swift; path = app/TerentoCore/Sources/TerentoPoC/Compatibility/CompatibilityEngine.swift; sourceTree = SOURCE_ROOT; };
		000000000000000000000017 /* app/TerentoCore/Sources/TerentoPoC/Compatibility/CompatibilityPresentation.swift */ = {isa = PBXFileReference; fileEncoding = 4; lastKnownFileType = sourcecode.swift; path = app/TerentoCore/Sources/TerentoPoC/Compatibility/CompatibilityPresentation.swift; sourceTree = SOURCE_ROOT; };
		000000000000000000000019 /* app/TerentoCore/Sources/TerentoPoC/Compatibility/DeviceAssetRegistry.swift */ = {isa = PBXFileReference; fileEncoding = 4; lastKnownFileType = sourcecode.swift; path = app/TerentoCore/Sources/TerentoPoC/Compatibility/DeviceAssetRegistry.swift; sourceTree = SOURCE_ROOT; };
		00000000000000000000001b /* app/TerentoCore/Sources/TerentoPoC/Compatibility/DeviceIdentity.swift */ = {isa = PBXFileReference; fileEncoding = 4; lastKnownFileType = sourcecode.swift; path = app/TerentoCore/Sources/TerentoPoC/Compatibility/DeviceIdentity.swift; sourceTree = SOURCE_ROOT; };
		00000000000000000000001d /* app/TerentoCore/Sources/TerentoPoC/Compatibility/DevicePresentation.swift */ = {isa = PBXFileReference; fileEncoding = 4; lastKnownFileType = sourcecode.swift; path = app/TerentoCore/Sources/TerentoPoC/Compatibility/DevicePresentation.swift; sourceTree = SOURCE_ROOT; };
		00000000000000000000001f /* app/TerentoCore/Sources/TerentoPoC/Compatibility/DeviceRegistry.swift */ = {isa = PBXFileReference; fileEncoding = 4; lastKnownFileType = sourcecode.swift; path = app/TerentoCore/Sources/TerentoPoC/Compatibility/DeviceRegistry.swift; sourceTree = SOURCE_ROOT; };
		000000000000000000000021 /* app/TerentoCore/Sources/TerentoPoC/Compatibility/GarminDeviceIdentityAdapter.swift */ = {isa = PBXFileReference; fileEncoding = 4; lastKnownFileType = sourcecode.swift; path = app/TerentoCore/Sources/TerentoPoC/Compatibility/GarminDeviceIdentityAdapter.swift; sourceTree = SOURCE_ROOT; };
		000000000000000000000023 /* app/TerentoCore/Sources/TerentoPoC/Concurrency/CancellableDetached.swift */ = {isa = PBXFileReference; fileEncoding = 4; lastKnownFileType = sourcecode.swift; path = app/TerentoCore/Sources/TerentoPoC/Concurrency/CancellableDetached.swift; sourceTree = SOURCE_ROOT; };
		000000000000000000000025 /* app/TerentoCore/Sources/TerentoPoC/DeviceEngine/DeviceEngine.swift */ = {isa = PBXFileReference; fileEncoding = 4; lastKnownFileType = sourcecode.swift; path = app/TerentoCore/Sources/TerentoPoC/DeviceEngine/DeviceEngine.swift; sourceTree = SOURCE_ROOT; };
		000000000000000000000027 /* app/TerentoCore/Sources/TerentoPoC/DeviceEngine/DeviceStateManager.swift */ = {isa = PBXFileReference; fileEncoding = 4; lastKnownFileType = sourcecode.swift; path = app/TerentoCore/Sources/TerentoPoC/DeviceEngine/DeviceStateManager.swift; sourceTree = SOURCE_ROOT; };
		000000000000000000000029 /* app/TerentoCore/Sources/TerentoPoC/Errors/UserFacingErrorMessage.swift */ = {isa = PBXFileReference; fileEncoding = 4; lastKnownFileType = sourcecode.swift; path = app/TerentoCore/Sources/TerentoPoC/Errors/UserFacingErrorMessage.swift; sourceTree = SOURCE_ROOT; };
		00000000000000000000002b /* app/TerentoCore/Sources/TerentoPoC/Installation/InstallProfile.swift */ = {isa = PBXFileReference; fileEncoding = 4; lastKnownFileType = sourcecode.swift; path = app/TerentoCore/Sources/TerentoPoC/Installation/InstallProfile.swift; sourceTree = SOURCE_ROOT; };
		00000000000000000000002d /* app/TerentoCore/Sources/TerentoPoC/Installation/InstallationFailureRecovery.swift */ = {isa = PBXFileReference; fileEncoding = 4; lastKnownFileType = sourcecode.swift; path = app/TerentoCore/Sources/TerentoPoC/Installation/InstallationFailureRecovery.swift; sourceTree = SOURCE_ROOT; };
		00000000000000000000002f /* app/TerentoCore/Sources/TerentoPoC/Installation/InstallationPreflight.swift */ = {isa = PBXFileReference; fileEncoding = 4; lastKnownFileType = sourcecode.swift; path = app/TerentoCore/Sources/TerentoPoC/Installation/InstallationPreflight.swift; sourceTree = SOURCE_ROOT; };
		000000000000000000000031 /* app/TerentoCore/Sources/TerentoPoC/Installation/InstallationSafetyModels.swift */ = {isa = PBXFileReference; fileEncoding = 4; lastKnownFileType = sourcecode.swift; path = app/TerentoCore/Sources/TerentoPoC/Installation/InstallationSafetyModels.swift; sourceTree = SOURCE_ROOT; };
		000000000000000000000033 /* app/TerentoCore/Sources/TerentoPoC/Installation/InstallationTransaction.swift */ = {isa = PBXFileReference; fileEncoding = 4; lastKnownFileType = sourcecode.swift; path = app/TerentoCore/Sources/TerentoPoC/Installation/InstallationTransaction.swift; sourceTree = SOURCE_ROOT; };
		000000000000000000000035 /* app/TerentoCore/Sources/TerentoPoC/Installation/InstallationTransportProtocols.swift */ = {isa = PBXFileReference; fileEncoding = 4; lastKnownFileType = sourcecode.swift; path = app/TerentoCore/Sources/TerentoPoC/Installation/InstallationTransportProtocols.swift; sourceTree = SOURCE_ROOT; };
		000000000000000000000037 /* app/TerentoCore/Sources/TerentoPoC/Installation/MTPMapInstallationTransport.swift */ = {isa = PBXFileReference; fileEncoding = 4; lastKnownFileType = sourcecode.swift; path = app/TerentoCore/Sources/TerentoPoC/Installation/MTPMapInstallationTransport.swift; sourceTree = SOURCE_ROOT; };
		A12560000000000000000003 /* app/TerentoCore/Sources/TerentoPoC/Installation/NativeMutationLedger.swift */ = {isa = PBXFileReference; fileEncoding = 4; lastKnownFileType = sourcecode.swift; path = app/TerentoCore/Sources/TerentoPoC/Installation/NativeMutationLedger.swift; sourceTree = SOURCE_ROOT; };
		000000000000000000000039 /* app/TerentoCore/Sources/TerentoPoC/Installation/MTPMapReadAdapter.swift */ = {isa = PBXFileReference; fileEncoding = 4; lastKnownFileType = sourcecode.swift; path = app/TerentoCore/Sources/TerentoPoC/Installation/MTPMapReadAdapter.swift; sourceTree = SOURCE_ROOT; };
		00000000000000000000003b /* app/TerentoCore/Sources/TerentoPoC/Installation/MTPSafeDeleteTransport.swift */ = {isa = PBXFileReference; fileEncoding = 4; lastKnownFileType = sourcecode.swift; path = app/TerentoCore/Sources/TerentoPoC/Installation/MTPSafeDeleteTransport.swift; sourceTree = SOURCE_ROOT; };
		00000000000000000000003d /* app/TerentoCore/Sources/TerentoPoC/Installation/MTPSafeUpdateTransport.swift */ = {isa = PBXFileReference; fileEncoding = 4; lastKnownFileType = sourcecode.swift; path = app/TerentoCore/Sources/TerentoPoC/Installation/MTPSafeUpdateTransport.swift; sourceTree = SOURCE_ROOT; };
		00000000000000000000003f /* app/TerentoCore/Sources/TerentoPoC/Installation/ManagedFilename.swift */ = {isa = PBXFileReference; fileEncoding = 4; lastKnownFileType = sourcecode.swift; path = app/TerentoCore/Sources/TerentoPoC/Installation/ManagedFilename.swift; sourceTree = SOURCE_ROOT; };
		000000000000000000000041 /* app/TerentoCore/Sources/TerentoPoC/Installation/MapConflictResolver.swift */ = {isa = PBXFileReference; fileEncoding = 4; lastKnownFileType = sourcecode.swift; path = app/TerentoCore/Sources/TerentoPoC/Installation/MapConflictResolver.swift; sourceTree = SOURCE_ROOT; };
		000000000000000000000043 /* app/TerentoCore/Sources/TerentoPoC/Installation/MapInstallationCoordinator.swift */ = {isa = PBXFileReference; fileEncoding = 4; lastKnownFileType = sourcecode.swift; path = app/TerentoCore/Sources/TerentoPoC/Installation/MapInstallationCoordinator.swift; sourceTree = SOURCE_ROOT; };
		A12560000000000000000001 /* app/TerentoCore/Sources/TerentoPoC/Installation/ProtectedMapInventory.swift */ = {isa = PBXFileReference; fileEncoding = 4; lastKnownFileType = sourcecode.swift; path = app/TerentoCore/Sources/TerentoPoC/Installation/ProtectedMapInventory.swift; sourceTree = SOURCE_ROOT; };
		000000000000000000000045 /* app/TerentoCore/Sources/TerentoPoC/Installation/MapLifecycle.swift */ = {isa = PBXFileReference; fileEncoding = 4; lastKnownFileType = sourcecode.swift; path = app/TerentoCore/Sources/TerentoPoC/Installation/MapLifecycle.swift; sourceTree = SOURCE_ROOT; };
		000000000000000000000047 /* app/TerentoCore/Sources/TerentoPoC/Installation/MapLifecycleOperationController.swift */ = {isa = PBXFileReference; fileEncoding = 4; lastKnownFileType = sourcecode.swift; path = app/TerentoCore/Sources/TerentoPoC/Installation/MapLifecycleOperationController.swift; sourceTree = SOURCE_ROOT; };
		000000000000000000000049 /* app/TerentoCore/Sources/TerentoPoC/Installation/MapLifecyclePresentation.swift */ = {isa = PBXFileReference; fileEncoding = 4; lastKnownFileType = sourcecode.swift; path = app/TerentoCore/Sources/TerentoPoC/Installation/MapLifecyclePresentation.swift; sourceTree = SOURCE_ROOT; };
		00000000000000000000004b /* app/TerentoCore/Sources/TerentoPoC/Installation/MapLifecycleViewModel.swift */ = {isa = PBXFileReference; fileEncoding = 4; lastKnownFileType = sourcecode.swift; path = app/TerentoCore/Sources/TerentoPoC/Installation/MapLifecycleViewModel.swift; sourceTree = SOURCE_ROOT; };
		00000000000000000000004d /* app/TerentoCore/Sources/TerentoPoC/Installation/MapSourceValidator.swift */ = {isa = PBXFileReference; fileEncoding = 4; lastKnownFileType = sourcecode.swift; path = app/TerentoCore/Sources/TerentoPoC/Installation/MapSourceValidator.swift; sourceTree = SOURCE_ROOT; };
		00000000000000000000004f /* app/TerentoCore/Sources/TerentoPoC/Installation/MapReadTransport.swift */ = {isa = PBXFileReference; fileEncoding = 4; lastKnownFileType = sourcecode.swift; path = app/TerentoCore/Sources/TerentoPoC/Installation/MapReadTransport.swift; sourceTree = SOURCE_ROOT; };
		000000000000000000000051 /* app/TerentoCore/Sources/TerentoPoC/Installation/SafeDeleteAdapter.swift */ = {isa = PBXFileReference; fileEncoding = 4; lastKnownFileType = sourcecode.swift; path = app/TerentoCore/Sources/TerentoPoC/Installation/SafeDeleteAdapter.swift; sourceTree = SOURCE_ROOT; };
		000000000000000000000053 /* app/TerentoCore/Sources/TerentoPoC/Installation/SafeUpdateTransaction.swift */ = {isa = PBXFileReference; fileEncoding = 4; lastKnownFileType = sourcecode.swift; path = app/TerentoCore/Sources/TerentoPoC/Installation/SafeUpdateTransaction.swift; sourceTree = SOURCE_ROOT; };
		000000000000000000000055 /* app/TerentoCore/Sources/TerentoPoC/Installation/Stage42TargetPolicy.swift */ = {isa = PBXFileReference; fileEncoding = 4; lastKnownFileType = sourcecode.swift; path = app/TerentoCore/Sources/TerentoPoC/Installation/Stage42TargetPolicy.swift; sourceTree = SOURCE_ROOT; };
		000000000000000000000057 /* app/TerentoCore/Sources/TerentoPoC/Installation/StoragePlanner.swift */ = {isa = PBXFileReference; fileEncoding = 4; lastKnownFileType = sourcecode.swift; path = app/TerentoCore/Sources/TerentoPoC/Installation/StoragePlanner.swift; sourceTree = SOURCE_ROOT; };
		000000000000000000000059 /* app/TerentoCore/Sources/TerentoPoC/Installation/TerentoManifestStore.swift */ = {isa = PBXFileReference; fileEncoding = 4; lastKnownFileType = sourcecode.swift; path = app/TerentoCore/Sources/TerentoPoC/Installation/TerentoManifestStore.swift; sourceTree = SOURCE_ROOT; };
		00000000000000000000005b /* app/TerentoCore/Sources/TerentoPoC/Installation/TransferVerification.swift */ = {isa = PBXFileReference; fileEncoding = 4; lastKnownFileType = sourcecode.swift; path = app/TerentoCore/Sources/TerentoPoC/Installation/TransferVerification.swift; sourceTree = SOURCE_ROOT; };
		00000000000000000000005d /* app/TerentoCore/Sources/TerentoPoC/MTPTransport/MTPOperationGate.swift */ = {isa = PBXFileReference; fileEncoding = 4; lastKnownFileType = sourcecode.swift; path = app/TerentoCore/Sources/TerentoPoC/MTPTransport/MTPOperationGate.swift; sourceTree = SOURCE_ROOT; };
		00000000000000000000005f /* app/TerentoCore/Sources/TerentoPoC/MTPTransport/MTPTransport.swift */ = {isa = PBXFileReference; fileEncoding = 4; lastKnownFileType = sourcecode.swift; path = app/TerentoCore/Sources/TerentoPoC/MTPTransport/MTPTransport.swift; sourceTree = SOURCE_ROOT; };
		000000000000000000000061 /* app/TerentoCore/Sources/TerentoPoC/MapCatalog/InstalledMap.swift */ = {isa = PBXFileReference; fileEncoding = 4; lastKnownFileType = sourcecode.swift; path = app/TerentoCore/Sources/TerentoPoC/MapCatalog/InstalledMap.swift; sourceTree = SOURCE_ROOT; };
		000000000000000000000063 /* app/TerentoCore/Sources/TerentoPoC/MapCatalog/MapCatalogLoader.swift */ = {isa = PBXFileReference; fileEncoding = 4; lastKnownFileType = sourcecode.swift; path = app/TerentoCore/Sources/TerentoPoC/MapCatalog/MapCatalogLoader.swift; sourceTree = SOURCE_ROOT; };
		000000000000000000000065 /* app/TerentoCore/Sources/TerentoPoC/MapCatalog/MapComparison.swift */ = {isa = PBXFileReference; fileEncoding = 4; lastKnownFileType = sourcecode.swift; path = app/TerentoCore/Sources/TerentoPoC/MapCatalog/MapComparison.swift; sourceTree = SOURCE_ROOT; };
		000000000000000000000067 /* app/TerentoCore/Sources/TerentoPoC/MapCatalog/MapEngine.swift */ = {isa = PBXFileReference; fileEncoding = 4; lastKnownFileType = sourcecode.swift; path = app/TerentoCore/Sources/TerentoPoC/MapCatalog/MapEngine.swift; sourceTree = SOURCE_ROOT; };
		000000000000000000000069 /* app/TerentoCore/Sources/TerentoPoC/MapCatalog/MapIdentity.swift */ = {isa = PBXFileReference; fileEncoding = 4; lastKnownFileType = sourcecode.swift; path = app/TerentoCore/Sources/TerentoPoC/MapCatalog/MapIdentity.swift; sourceTree = SOURCE_ROOT; };
		00000000000000000000006b /* app/TerentoCore/Sources/TerentoPoC/MapCatalog/MapInventoryList.swift */ = {isa = PBXFileReference; fileEncoding = 4; lastKnownFileType = sourcecode.swift; path = app/TerentoCore/Sources/TerentoPoC/MapCatalog/MapInventoryList.swift; sourceTree = SOURCE_ROOT; };
		00000000000000000000006d /* app/TerentoCore/Sources/TerentoPoC/MapCatalog/MapModels.swift */ = {isa = PBXFileReference; fileEncoding = 4; lastKnownFileType = sourcecode.swift; path = app/TerentoCore/Sources/TerentoPoC/MapCatalog/MapModels.swift; sourceTree = SOURCE_ROOT; };
		00000000000000000000006f /* app/TerentoCore/Sources/TerentoPoC/MapCatalog/MapOwnership.swift */ = {isa = PBXFileReference; fileEncoding = 4; lastKnownFileType = sourcecode.swift; path = app/TerentoCore/Sources/TerentoPoC/MapCatalog/MapOwnership.swift; sourceTree = SOURCE_ROOT; };
		000000000000000000000071 /* app/TerentoCore/Sources/TerentoPoC/MapCatalog/MapPackageAcquisition.swift */ = {isa = PBXFileReference; fileEncoding = 4; lastKnownFileType = sourcecode.swift; path = app/TerentoCore/Sources/TerentoPoC/MapCatalog/MapPackageAcquisition.swift; sourceTree = SOURCE_ROOT; };
		000000000000000000000073 /* app/TerentoCore/Sources/TerentoPoC/MapCatalog/MapPresentation.swift */ = {isa = PBXFileReference; fileEncoding = 4; lastKnownFileType = sourcecode.swift; path = app/TerentoCore/Sources/TerentoPoC/MapCatalog/MapPresentation.swift; sourceTree = SOURCE_ROOT; };
		000000000000000000000075 /* app/TerentoCore/Sources/TerentoPoC/MapCatalog/MapSelectionPlanner.swift */ = {isa = PBXFileReference; fileEncoding = 4; lastKnownFileType = sourcecode.swift; path = app/TerentoCore/Sources/TerentoPoC/MapCatalog/MapSelectionPlanner.swift; sourceTree = SOURCE_ROOT; };
		000000000000000000000077 /* app/TerentoCore/Sources/TerentoPoC/MapCatalog/MapSelectionPresentation.swift */ = {isa = PBXFileReference; fileEncoding = 4; lastKnownFileType = sourcecode.swift; path = app/TerentoCore/Sources/TerentoPoC/MapCatalog/MapSelectionPresentation.swift; sourceTree = SOURCE_ROOT; };
		000000000000000000000079 /* app/TerentoCore/Sources/TerentoPoC/MapCatalog/MapStorageEvaluator.swift */ = {isa = PBXFileReference; fileEncoding = 4; lastKnownFileType = sourcecode.swift; path = app/TerentoCore/Sources/TerentoPoC/MapCatalog/MapStorageEvaluator.swift; sourceTree = SOURCE_ROOT; };
		00000000000000000000007b /* app/TerentoCore/Sources/TerentoPoC/MapCatalog/MapVersion.swift */ = {isa = PBXFileReference; fileEncoding = 4; lastKnownFileType = sourcecode.swift; path = app/TerentoCore/Sources/TerentoPoC/MapCatalog/MapVersion.swift; sourceTree = SOURCE_ROOT; };
		00000000000000000000007d /* app/TerentoCore/Sources/TerentoPoC/Models/MTPModels.swift */ = {isa = PBXFileReference; fileEncoding = 4; lastKnownFileType = sourcecode.swift; path = app/TerentoCore/Sources/TerentoPoC/Models/MTPModels.swift; sourceTree = SOURCE_ROOT; };
		00000000000000000000007f /* app/TerentoCore/Sources/TerentoPoC/TerentoPoCApp.swift */ = {isa = PBXFileReference; fileEncoding = 4; lastKnownFileType = sourcecode.swift; path = app/TerentoCore/Sources/TerentoPoC/TerentoPoCApp.swift; sourceTree = SOURCE_ROOT; };
		000000000000000000000081 /* app/TerentoCore/Sources/TerentoPoC/Views/ConnectScreen.swift */ = {isa = PBXFileReference; fileEncoding = 4; lastKnownFileType = sourcecode.swift; path = app/TerentoCore/Sources/TerentoPoC/Views/ConnectScreen.swift; sourceTree = SOURCE_ROOT; };
		000000000000000000000083 /* app/TerentoCore/Sources/TerentoPoC/Views/ContentView.swift */ = {isa = PBXFileReference; fileEncoding = 4; lastKnownFileType = sourcecode.swift; path = app/TerentoCore/Sources/TerentoPoC/Views/ContentView.swift; sourceTree = SOURCE_ROOT; };
		000000000000000000000085 /* app/Terento/TerentoAppResourceCompatibility.swift */ = {isa = PBXFileReference; fileEncoding = 4; lastKnownFileType = sourcecode.swift; path = app/Terento/TerentoAppResourceCompatibility.swift; sourceTree = SOURCE_ROOT; };
		000000000000000000000087 /* app/TerentoCore/Sources/LibMTPBridge/MTPBridge.c */ = {isa = PBXFileReference; fileEncoding = 4; lastKnownFileType = sourcecode.c.c; path = app/TerentoCore/Sources/LibMTPBridge/MTPBridge.c; sourceTree = SOURCE_ROOT; };
		00000000000000000000008b /* app/TerentoCore/Sources/TerentoPoC/Resources/Brand/logo.svg */ = {isa = PBXFileReference; fileEncoding = 4; lastKnownFileType = image.svg; path = app/TerentoCore/Sources/TerentoPoC/Resources/Brand/logo.svg; sourceTree = SOURCE_ROOT; };
		00000000000000000000008d /* app/TerentoCore/Sources/TerentoPoC/Resources/Devices/fenix8-render.png */ = {isa = PBXFileReference; fileEncoding = 4; lastKnownFileType = image.png; path = "app/TerentoCore/Sources/TerentoPoC/Resources/Devices/fenix8-render.png"; sourceTree = SOURCE_ROOT; };
		00000000000000000000008f /* app/TerentoCore/Sources/TerentoPoC/Resources/Devices/generic-garmin-watch.png */ = {isa = PBXFileReference; fileEncoding = 4; lastKnownFileType = image.png; path = "app/TerentoCore/Sources/TerentoPoC/Resources/Devices/generic-garmin-watch.png"; sourceTree = SOURCE_ROOT; };
		000000000000000000000091 /* app/TerentoCore/Sources/TerentoPoC/Resources/Illustrations/connect-illustration.png */ = {isa = PBXFileReference; fileEncoding = 4; lastKnownFileType = image.png; path = "app/TerentoCore/Sources/TerentoPoC/Resources/Illustrations/connect-illustration.png"; sourceTree = SOURCE_ROOT; };
		000000000000000000000093 /* app/TerentoCore/Sources/TerentoPoC/Resources/Installation/terento-write-test.txt */ = {isa = PBXFileReference; fileEncoding = 4; lastKnownFileType = text; path = "app/TerentoCore/Sources/TerentoPoC/Resources/Installation/terento-write-test.txt"; sourceTree = SOURCE_ROOT; };
		000000000000000000000095 /* app/TerentoCore/Sources/TerentoPoC/Resources/Maps/catalog.json */ = {isa = PBXFileReference; fileEncoding = 4; lastKnownFileType = text.json; path = app/TerentoCore/Sources/TerentoPoC/Resources/Maps/catalog.json; sourceTree = SOURCE_ROOT; };
		000000000000000000000097 /* app/TerentoCore/Sources/LibMTPBridge/include/MTPBridge.h */ = {isa = PBXFileReference; fileEncoding = 4; lastKnownFileType = sourcecode.c.h; path = app/TerentoCore/Sources/LibMTPBridge/include/MTPBridge.h; sourceTree = SOURCE_ROOT; };
		000000000000000000000099 /* LICENSE */ = {isa = PBXFileReference; fileEncoding = 4; lastKnownFileType = text; path = LICENSE; sourceTree = SOURCE_ROOT; };
		00000000000000000000009b /* THIRD_PARTY_NOTICES.md */ = {isa = PBXFileReference; fileEncoding = 4; lastKnownFileType = text; path = THIRD_PARTY_NOTICES.md; sourceTree = SOURCE_ROOT; };
		00000000000000000000009e /* app/TerentoCore/Sources/TerentoPoC/Views/NavigationPresentation.swift */ = {isa = PBXFileReference; fileEncoding = 4; lastKnownFileType = sourcecode.swift; path = app/TerentoCore/Sources/TerentoPoC/Views/NavigationPresentation.swift; sourceTree = SOURCE_ROOT; };
		0000000000000000000000a0 /* app/TerentoCore/Sources/TerentoPoC/Views/WindowPresentation.swift */ = {isa = PBXFileReference; fileEncoding = 4; lastKnownFileType = sourcecode.swift; path = app/TerentoCore/Sources/TerentoPoC/Views/WindowPresentation.swift; sourceTree = SOURCE_ROOT; };
		0000000000000000000000a4 /* app/TerentoCore/Sources/TerentoPoC/Views/AppLinks.swift */ = {isa = PBXFileReference; fileEncoding = 4; lastKnownFileType = sourcecode.swift; path = app/TerentoCore/Sources/TerentoPoC/Views/AppLinks.swift; sourceTree = SOURCE_ROOT; };
		0000000000000000000000a6 /* app/TerentoCore/Sources/TerentoPoC/Views/AboutTerentoView.swift */ = {isa = PBXFileReference; fileEncoding = 4; lastKnownFileType = sourcecode.swift; path = app/TerentoCore/Sources/TerentoPoC/Views/AboutTerentoView.swift; sourceTree = SOURCE_ROOT; };
		0000000000000000000000a8 /* app/TerentoCore/Sources/TerentoPoC/Compatibility/MapCapability.swift */ = {isa = PBXFileReference; fileEncoding = 4; lastKnownFileType = sourcecode.swift; path = app/TerentoCore/Sources/TerentoPoC/Compatibility/MapCapability.swift; sourceTree = SOURCE_ROOT; };
		0000000000000000000000ab /* app/TerentoCore/Sources/TerentoPoC/Resources/Illustrations/connect-illustration-connecting.png */ = {isa = PBXFileReference; fileEncoding = 4; lastKnownFileType = image.png; path = "app/TerentoCore/Sources/TerentoPoC/Resources/Illustrations/connect-illustration-connecting.png"; sourceTree = SOURCE_ROOT; };
		0000000000000000000000ae /* app/TerentoCore/Sources/TerentoPoC/Diagnostics/TerentoDiagnosticLog.swift */ = {isa = PBXFileReference; fileEncoding = 4; lastKnownFileType = sourcecode.swift; path = app/TerentoCore/Sources/TerentoPoC/Diagnostics/TerentoDiagnosticLog.swift; sourceTree = SOURCE_ROOT; };
		0000000000000000000000b1 /* app/TerentoCore/Sources/TerentoPoC/Compatibility/InstallationEvidence.swift */ = {isa = PBXFileReference; fileEncoding = 4; lastKnownFileType = sourcecode.swift; path = app/TerentoCore/Sources/TerentoPoC/Compatibility/InstallationEvidence.swift; sourceTree = SOURCE_ROOT; };
		0000000000000000000000b3 /* app/TerentoCore/Sources/TerentoPoC/Diagnostics/InstallationIssueReport.swift */ = {isa = PBXFileReference; fileEncoding = 4; lastKnownFileType = sourcecode.swift; path = app/TerentoCore/Sources/TerentoPoC/Diagnostics/InstallationIssueReport.swift; sourceTree = SOURCE_ROOT; };
		0000000000000000000000b5 /* app/TerentoCore/Sources/TerentoPoC/Compatibility/CompatibilityStatusClient.swift */ = {isa = PBXFileReference; fileEncoding = 4; lastKnownFileType = sourcecode.swift; path = app/TerentoCore/Sources/TerentoPoC/Compatibility/CompatibilityStatusClient.swift; sourceTree = SOURCE_ROOT; };
		0000000000000000000000b7 /* app/TerentoCore/Sources/TerentoPoC/Installation/MTPMapOperationProfileBridge.swift */ = {isa = PBXFileReference; fileEncoding = 4; lastKnownFileType = sourcecode.swift; path = app/TerentoCore/Sources/TerentoPoC/Installation/MTPMapOperationProfileBridge.swift; sourceTree = SOURCE_ROOT; };
		0000000000000000000000b9 /* app/TerentoCore/Sources/TerentoPoC/Installation/ManagedMapRecovery.swift */ = {isa = PBXFileReference; fileEncoding = 4; lastKnownFileType = sourcecode.swift; path = app/TerentoCore/Sources/TerentoPoC/Installation/ManagedMapRecovery.swift; sourceTree = SOURCE_ROOT; };
		0000000000000000000000bb /* app/TerentoCore/Sources/TerentoPoC/Views/DesignSystem/TerentoTokens.generated.swift */ = {isa = PBXFileReference; fileEncoding = 4; lastKnownFileType = sourcecode.swift; path = app/TerentoCore/Sources/TerentoPoC/Views/DesignSystem/TerentoTokens.generated.swift; sourceTree = SOURCE_ROOT; };
		0000000000000000000000bd /* app/TerentoCore/Sources/TerentoPoC/Views/DesignSystem/TerentoColors.swift */ = {isa = PBXFileReference; fileEncoding = 4; lastKnownFileType = sourcecode.swift; path = app/TerentoCore/Sources/TerentoPoC/Views/DesignSystem/TerentoColors.swift; sourceTree = SOURCE_ROOT; };
		0000000000000000000000bf /* app/TerentoCore/Sources/TerentoPoC/Views/DesignSystem/TerentoTypography.swift */ = {isa = PBXFileReference; fileEncoding = 4; lastKnownFileType = sourcecode.swift; path = app/TerentoCore/Sources/TerentoPoC/Views/DesignSystem/TerentoTypography.swift; sourceTree = SOURCE_ROOT; };
		0000000000000000000000c0 /* app/TerentoCore/Sources/TerentoPoC/MapCatalog/MapArtifactPlanning.swift */ = {isa = PBXFileReference; fileEncoding = 4; lastKnownFileType = sourcecode.swift; path = app/TerentoCore/Sources/TerentoPoC/MapCatalog/MapArtifactPlanning.swift; sourceTree = SOURCE_ROOT; };
		0000000000000000000000d1 /* app/TerentoCore/Sources/TerentoPoC/Statistics/MapStatisticsEvent.swift */ = {isa = PBXFileReference; fileEncoding = 4; lastKnownFileType = sourcecode.swift; path = app/TerentoCore/Sources/TerentoPoC/Statistics/MapStatisticsEvent.swift; sourceTree = SOURCE_ROOT; };
		0000000000000000000000d2 /* app/TerentoCore/Sources/TerentoPoC/Views/DiagnosticsView.swift */ = {isa = PBXFileReference; fileEncoding = 4; lastKnownFileType = sourcecode.swift; path = app/TerentoCore/Sources/TerentoPoC/Views/DiagnosticsView.swift; sourceTree = SOURCE_ROOT; };
		0000000000000000000000d5 /* app/TerentoCore/Sources/TerentoPoC/Telemetry/TerentoTelemetryMetadata.swift */ = {isa = PBXFileReference; fileEncoding = 4; lastKnownFileType = sourcecode.swift; path = app/TerentoCore/Sources/TerentoPoC/Telemetry/TerentoTelemetryMetadata.swift; sourceTree = SOURCE_ROOT; };
		B11000000000000000000002 /* app/TerentoCore/Sources/TerentoPoC/MTPTransport/BoundedNativeProcess.swift */ = {isa = PBXFileReference; lastKnownFileType = sourcecode.swift; path = app/TerentoCore/Sources/TerentoPoC/MTPTransport/BoundedNativeProcess.swift; sourceTree = SOURCE_ROOT; };
		BBB100000000000000000001 /* app/TerentoCore/Sources/TerentoPoC/MapCatalog/BBBikeArchiveSafety.swift */ = {isa = PBXFileReference; fileEncoding = 4; lastKnownFileType = sourcecode.swift; path = app/TerentoCore/Sources/TerentoPoC/MapCatalog/BBBikeArchiveSafety.swift; sourceTree = SOURCE_ROOT; };
		CA7A10600000000000000001 /* app/TerentoCore/Sources/TerentoPoC/Views/MapInventoryListPresentation.swift */ = {isa = PBXFileReference; fileEncoding = 4; lastKnownFileType = sourcecode.swift; path = app/TerentoCore/Sources/TerentoPoC/Views/MapInventoryListPresentation.swift; sourceTree = SOURCE_ROOT; };
		D1A600000000000000000002 /* app/TerentoCore/Sources/TerentoPoC/Compatibility/InstallationOperationDiagnostics.swift */ = {isa = PBXFileReference; fileEncoding = 4; lastKnownFileType = sourcecode.swift; path = app/TerentoCore/Sources/TerentoPoC/Compatibility/InstallationOperationDiagnostics.swift; sourceTree = SOURCE_ROOT; };
/* End PBXFileReference section */

/* Begin PBXFrameworksBuildPhase section */
		000000000000000000000010 /* Frameworks */ = {
			isa = PBXFrameworksBuildPhase;
			buildActionMask = 2147483647;
			files = (
			);
			runOnlyForDeploymentPostprocessing = 0;
		};
/* End PBXFrameworksBuildPhase section */

/* Begin PBXGroup section */
		000000000000000000000009 = {
			isa = PBXGroup;
			children = (
				00000000000000000000000a /* Application */,
				00000000000000000000000b /* Sources */,
				00000000000000000000000c /* Products */,
				0F417BCF3059EA9C003C6D43 /* Recovered References */,
			);
			sourceTree = "<group>";
		};
		00000000000000000000000a /* Application */ = {
			isa = PBXGroup;
			children = (
				000000000000000000000011 /* app/Terento/Info.plist */,
				000000000000000000000012 /* app/Terento/Terento.entitlements */,
				000000000000000000000013 /* app/Terento/Terento-Bridging-Header.h */,
				000000000000000000000014 /* app/Terento/Assets.xcassets */,
			);
			name = Application;
			path = app/Terento;
			sourceTree = SOURCE_ROOT;
		};
		00000000000000000000000b /* Sources */ = {
			isa = PBXGroup;
			children = (
				D1A600000000000000000002 /* app/TerentoCore/Sources/TerentoPoC/Compatibility/InstallationOperationDiagnostics.swift */,
				0000000000000000000000d1 /* app/TerentoCore/Sources/TerentoPoC/Statistics/MapStatisticsEvent.swift */,
				0000000000000000000000d2 /* app/TerentoCore/Sources/TerentoPoC/Views/DiagnosticsView.swift */,
				000000000000000000000015 /* app/TerentoCore/Sources/TerentoPoC/Compatibility/CompatibilityEngine.swift */,
				000000000000000000000017 /* app/TerentoCore/Sources/TerentoPoC/Compatibility/CompatibilityPresentation.swift */,
				000000000000000000000019 /* app/TerentoCore/Sources/TerentoPoC/Compatibility/DeviceAssetRegistry.swift */,
				00000000000000000000001b /* app/TerentoCore/Sources/TerentoPoC/Compatibility/DeviceIdentity.swift */,
				00000000000000000000001d /* app/TerentoCore/Sources/TerentoPoC/Compatibility/DevicePresentation.swift */,
				00000000000000000000001f /* app/TerentoCore/Sources/TerentoPoC/Compatibility/DeviceRegistry.swift */,
				000000000000000000000021 /* app/TerentoCore/Sources/TerentoPoC/Compatibility/GarminDeviceIdentityAdapter.swift */,
				000000000000000000000023 /* app/TerentoCore/Sources/TerentoPoC/Concurrency/CancellableDetached.swift */,
				000000000000000000000025 /* app/TerentoCore/Sources/TerentoPoC/DeviceEngine/DeviceEngine.swift */,
				000000000000000000000027 /* app/TerentoCore/Sources/TerentoPoC/DeviceEngine/DeviceStateManager.swift */,
				000000000000000000000029 /* app/TerentoCore/Sources/TerentoPoC/Errors/UserFacingErrorMessage.swift */,
				00000000000000000000002b /* app/TerentoCore/Sources/TerentoPoC/Installation/InstallProfile.swift */,
				00000000000000000000002d /* app/TerentoCore/Sources/TerentoPoC/Installation/InstallationFailureRecovery.swift */,
				00000000000000000000002f /* app/TerentoCore/Sources/TerentoPoC/Installation/InstallationPreflight.swift */,
				000000000000000000000031 /* app/TerentoCore/Sources/TerentoPoC/Installation/InstallationSafetyModels.swift */,
				000000000000000000000033 /* app/TerentoCore/Sources/TerentoPoC/Installation/InstallationTransaction.swift */,
				000000000000000000000035 /* app/TerentoCore/Sources/TerentoPoC/Installation/InstallationTransportProtocols.swift */,
				000000000000000000000037 /* app/TerentoCore/Sources/TerentoPoC/Installation/MTPMapInstallationTransport.swift */,
				A12560000000000000000003 /* app/TerentoCore/Sources/TerentoPoC/Installation/NativeMutationLedger.swift */,
				000000000000000000000039 /* app/TerentoCore/Sources/TerentoPoC/Installation/MTPMapReadAdapter.swift */,
				00000000000000000000003b /* app/TerentoCore/Sources/TerentoPoC/Installation/MTPSafeDeleteTransport.swift */,
				00000000000000000000003d /* app/TerentoCore/Sources/TerentoPoC/Installation/MTPSafeUpdateTransport.swift */,
				00000000000000000000003f /* app/TerentoCore/Sources/TerentoPoC/Installation/ManagedFilename.swift */,
				000000000000000000000041 /* app/TerentoCore/Sources/TerentoPoC/Installation/MapConflictResolver.swift */,
				000000000000000000000043 /* app/TerentoCore/Sources/TerentoPoC/Installation/MapInstallationCoordinator.swift */,
				A12560000000000000000001 /* app/TerentoCore/Sources/TerentoPoC/Installation/ProtectedMapInventory.swift */,
				000000000000000000000045 /* app/TerentoCore/Sources/TerentoPoC/Installation/MapLifecycle.swift */,
				000000000000000000000047 /* app/TerentoCore/Sources/TerentoPoC/Installation/MapLifecycleOperationController.swift */,
				000000000000000000000049 /* app/TerentoCore/Sources/TerentoPoC/Installation/MapLifecyclePresentation.swift */,
				00000000000000000000004b /* app/TerentoCore/Sources/TerentoPoC/Installation/MapLifecycleViewModel.swift */,
				00000000000000000000004d /* app/TerentoCore/Sources/TerentoPoC/Installation/MapSourceValidator.swift */,
				00000000000000000000004f /* app/TerentoCore/Sources/TerentoPoC/Installation/MapReadTransport.swift */,
				000000000000000000000051 /* app/TerentoCore/Sources/TerentoPoC/Installation/SafeDeleteAdapter.swift */,
				000000000000000000000053 /* app/TerentoCore/Sources/TerentoPoC/Installation/SafeUpdateTransaction.swift */,
				000000000000000000000055 /* app/TerentoCore/Sources/TerentoPoC/Installation/Stage42TargetPolicy.swift */,
				000000000000000000000057 /* app/TerentoCore/Sources/TerentoPoC/Installation/StoragePlanner.swift */,
				000000000000000000000059 /* app/TerentoCore/Sources/TerentoPoC/Installation/TerentoManifestStore.swift */,
				00000000000000000000005b /* app/TerentoCore/Sources/TerentoPoC/Installation/TransferVerification.swift */,
				00000000000000000000005d /* app/TerentoCore/Sources/TerentoPoC/MTPTransport/MTPOperationGate.swift */,
				00000000000000000000005f /* app/TerentoCore/Sources/TerentoPoC/MTPTransport/MTPTransport.swift */,
				000000000000000000000061 /* app/TerentoCore/Sources/TerentoPoC/MapCatalog/InstalledMap.swift */,
				000000000000000000000063 /* app/TerentoCore/Sources/TerentoPoC/MapCatalog/MapCatalogLoader.swift */,
				000000000000000000000065 /* app/TerentoCore/Sources/TerentoPoC/MapCatalog/MapComparison.swift */,
				000000000000000000000067 /* app/TerentoCore/Sources/TerentoPoC/MapCatalog/MapEngine.swift */,
				000000000000000000000069 /* app/TerentoCore/Sources/TerentoPoC/MapCatalog/MapIdentity.swift */,
				00000000000000000000006b /* app/TerentoCore/Sources/TerentoPoC/MapCatalog/MapInventoryList.swift */,
				00000000000000000000006d /* app/TerentoCore/Sources/TerentoPoC/MapCatalog/MapModels.swift */,
				00000000000000000000006f /* app/TerentoCore/Sources/TerentoPoC/MapCatalog/MapOwnership.swift */,
				000000000000000000000071 /* app/TerentoCore/Sources/TerentoPoC/MapCatalog/MapPackageAcquisition.swift */,
				BBB100000000000000000001 /* app/TerentoCore/Sources/TerentoPoC/MapCatalog/BBBikeArchiveSafety.swift */,
				000000000000000000000073 /* app/TerentoCore/Sources/TerentoPoC/MapCatalog/MapPresentation.swift */,
				000000000000000000000075 /* app/TerentoCore/Sources/TerentoPoC/MapCatalog/MapSelectionPlanner.swift */,
				000000000000000000000077 /* app/TerentoCore/Sources/TerentoPoC/MapCatalog/MapSelectionPresentation.swift */,
				CA7A10600000000000000001 /* app/TerentoCore/Sources/TerentoPoC/Views/MapInventoryListPresentation.swift */,
				000000000000000000000079 /* app/TerentoCore/Sources/TerentoPoC/MapCatalog/MapStorageEvaluator.swift */,
				00000000000000000000007b /* app/TerentoCore/Sources/TerentoPoC/MapCatalog/MapVersion.swift */,
				00000000000000000000007d /* app/TerentoCore/Sources/TerentoPoC/Models/MTPModels.swift */,
				00000000000000000000007f /* app/TerentoCore/Sources/TerentoPoC/TerentoPoCApp.swift */,
				000000000000000000000081 /* app/TerentoCore/Sources/TerentoPoC/Views/ConnectScreen.swift */,
				000000000000000000000083 /* app/TerentoCore/Sources/TerentoPoC/Views/ContentView.swift */,
				000000000000000000000085 /* app/Terento/TerentoAppResourceCompatibility.swift */,
				000000000000000000000087 /* app/TerentoCore/Sources/LibMTPBridge/MTPBridge.c */,
				000000000000000000000097 /* app/TerentoCore/Sources/LibMTPBridge/include/MTPBridge.h */,
				00000000000000000000009e /* app/TerentoCore/Sources/TerentoPoC/Views/NavigationPresentation.swift */,
				0000000000000000000000a0 /* app/TerentoCore/Sources/TerentoPoC/Views/WindowPresentation.swift */,
				0000000000000000000000d5 /* app/TerentoCore/Sources/TerentoPoC/Telemetry/TerentoTelemetryMetadata.swift */,
				0000000000000000000000a4 /* app/TerentoCore/Sources/TerentoPoC/Views/AppLinks.swift */,
				0000000000000000000000a6 /* app/TerentoCore/Sources/TerentoPoC/Views/AboutTerentoView.swift */,
				0000000000000000000000a8 /* app/TerentoCore/Sources/TerentoPoC/Compatibility/MapCapability.swift */,
				0000000000000000000000ae /* app/TerentoCore/Sources/TerentoPoC/Diagnostics/TerentoDiagnosticLog.swift */,
				0000000000000000000000b5 /* app/TerentoCore/Sources/TerentoPoC/Compatibility/CompatibilityStatusClient.swift */,
				0000000000000000000000b7 /* app/TerentoCore/Sources/TerentoPoC/Installation/MTPMapOperationProfileBridge.swift */,
				0000000000000000000000b9 /* app/TerentoCore/Sources/TerentoPoC/Installation/ManagedMapRecovery.swift */,
				0000000000000000000000bb /* app/TerentoCore/Sources/TerentoPoC/Views/DesignSystem/TerentoTokens.generated.swift */,
				0000000000000000000000bd /* app/TerentoCore/Sources/TerentoPoC/Views/DesignSystem/TerentoColors.swift */,
				0000000000000000000000bf /* app/TerentoCore/Sources/TerentoPoC/Views/DesignSystem/TerentoTypography.swift */,
			);
			name = Sources;
			sourceTree = "<group>";
		};
		00000000000000000000000c /* Products */ = {
			isa = PBXGroup;
			children = (
				00000000000000000000000d /* Terento.app */,
			);
			name = Products;
			sourceTree = "<group>";
		};
		0F417BCF3059EA9C003C6D43 /* Recovered References */ = {
			isa = PBXGroup;
			children = (
				0000000000000000000000b1 /* app/TerentoCore/Sources/TerentoPoC/Compatibility/InstallationEvidence.swift */,
				0000000000000000000000b3 /* app/TerentoCore/Sources/TerentoPoC/Diagnostics/InstallationIssueReport.swift */,
				B11000000000000000000002 /* app/TerentoCore/Sources/TerentoPoC/MTPTransport/BoundedNativeProcess.swift */,
				0000000000000000000000c0 /* app/TerentoCore/Sources/TerentoPoC/MapCatalog/MapArtifactPlanning.swift */,
				00000000000000000000008b /* app/TerentoCore/Sources/TerentoPoC/Resources/Brand/logo.svg */,
				00000000000000000000008d /* app/TerentoCore/Sources/TerentoPoC/Resources/Devices/fenix8-render.png */,
				00000000000000000000008f /* app/TerentoCore/Sources/TerentoPoC/Resources/Devices/generic-garmin-watch.png */,
				000000000000000000000091 /* app/TerentoCore/Sources/TerentoPoC/Resources/Illustrations/connect-illustration.png */,
				0000000000000000000000ab /* app/TerentoCore/Sources/TerentoPoC/Resources/Illustrations/connect-illustration-connecting.png */,
				000000000000000000000093 /* app/TerentoCore/Sources/TerentoPoC/Resources/Installation/terento-write-test.txt */,
				000000000000000000000095 /* app/TerentoCore/Sources/TerentoPoC/Resources/Maps/catalog.json */,
				000000000000000000000099 /* LICENSE */,
				00000000000000000000009b /* THIRD_PARTY_NOTICES.md */,
			);
			name = "Recovered References";
			sourceTree = "<group>";
		};
/* End PBXGroup section */

/* Begin PBXNativeTarget section */
		000000000000000000000002 /* Terento */ = {
			isa = PBXNativeTarget;
			buildConfigurationList = 000000000000000000000004 /* Build configuration list for PBXNativeTarget "Terento" */;
			buildPhases = (
				0000000000000000000000d6 /* Verify public release label */,
				00000000000000000000009c /* Build native dependencies */,
				00000000000000000000000e /* Sources */,
				00000000000000000000000f /* Resources */,
				000000000000000000000010 /* Frameworks */,
			);
			buildRules = (
			);
			dependencies = (
			);
			name = Terento;
			productName = Terento;
			productReference = 00000000000000000000000d /* Terento.app */;
			productType = "com.apple.product-type.application";
		};
/* End PBXNativeTarget section */

/* Begin PBXProject section */
		000000000000000000000001 /* Project object */ = {
			isa = PBXProject;
			attributes = {
				BuildIndependentTargetsInParallel = 1;
				LastSwiftUpdateCheck = 2630;
				LastUpgradeCheck = 2630;
			};
			buildConfigurationList = 000000000000000000000003 /* Build configuration list for PBXProject "Terento" */;
			compatibilityVersion = "Xcode 3.2";
			developmentRegion = en;
			hasScannedForEncodings = 0;
			knownRegions = (
				en,
				Base,
			);
			mainGroup = 000000000000000000000009;
			productRefGroup = 00000000000000000000000c /* Products */;
			projectDirPath = "";
			projectRoot = "";
			targets = (
				000000000000000000000002 /* Terento */,
			);
		};
/* End PBXProject section */

/* Begin PBXResourcesBuildPhase section */
		00000000000000000000000f /* Resources */ = {
			isa = PBXResourcesBuildPhase;
			buildActionMask = 2147483647;
			files = (
				00000000000000000000008a /* app/Terento/Assets.xcassets in Resources */,
				00000000000000000000008c /* app/TerentoCore/Sources/TerentoPoC/Resources/Brand/logo.svg in Resources */,
				00000000000000000000008e /* app/TerentoCore/Sources/TerentoPoC/Resources/Devices/fenix8-render.png in Resources */,
				000000000000000000000090 /* app/TerentoCore/Sources/TerentoPoC/Resources/Devices/generic-garmin-watch.png in Resources */,
				000000000000000000000092 /* app/TerentoCore/Sources/TerentoPoC/Resources/Illustrations/connect-illustration.png in Resources */,
				0000000000000000000000aa /* app/TerentoCore/Sources/TerentoPoC/Resources/Illustrations/connect-illustration-connecting.png in Resources */,
				000000000000000000000096 /* app/TerentoCore/Sources/TerentoPoC/Resources/Maps/catalog.json in Resources */,
				000000000000000000000098 /* LICENSE in Resources */,
				00000000000000000000009a /* THIRD_PARTY_NOTICES.md in Resources */,
			);
			runOnlyForDeploymentPostprocessing = 0;
		};
/* End PBXResourcesBuildPhase section */

/* Begin PBXShellScriptBuildPhase section */
		00000000000000000000009c /* Build native dependencies */ = {
			isa = PBXShellScriptBuildPhase;
			buildActionMask = 2147483647;
			files = (
			);
			inputPaths = (
				"$(SRCROOT)/Packaging/NativeDependencies/build.sh",
			);
			name = "Build native dependencies";
			outputPaths = (
				"$(DERIVED_FILE_DIR)/TerentoNativeDependencies/lib/libmtp.9.dylib",
				"$(DERIVED_FILE_DIR)/TerentoNativeDependencies/lib/libusb-1.0.0.dylib",
			);
			runOnlyForDeploymentPostprocessing = 0;
			shellPath = /bin/sh;
			shellScript = "set -eu\n\"${SRCROOT}/Packaging/NativeDependencies/build.sh\" --output \"${DERIVED_FILE_DIR}/TerentoNativeDependencies\" --deployment-target \"${MACOSX_DEPLOYMENT_TARGET:-13.0}\" --arch \"${NATIVE_ARCH_ACTUAL:-arm64}\" --bundle \"${TARGET_BUILD_DIR}/${CONTENTS_FOLDER_PATH}\"\n";
		};
		0000000000000000000000d6 /* Verify public release label */ = {
			isa = PBXShellScriptBuildPhase;
			alwaysOutOfDate = 1;
			buildActionMask = 2147483647;
			files = (
			);
			inputPaths = (
				"$(SRCROOT)/Packaging/verify-release-label.sh",
			);
			name = "Verify public release label";
			outputPaths = (
			);
			runOnlyForDeploymentPostprocessing = 0;
			shellPath = /bin/sh;
			shellScript = "set -eu\n\"${SRCROOT}/Packaging/verify-release-label.sh\"\n";
		};
/* End PBXShellScriptBuildPhase section */

/* Begin PBXSourcesBuildPhase section */
		00000000000000000000000e /* Sources */ = {
			isa = PBXSourcesBuildPhase;
			buildActionMask = 2147483647;
			files = (
				D1A600000000000000000001 /* app/TerentoCore/Sources/TerentoPoC/Compatibility/InstallationOperationDiagnostics.swift in Sources */,
				0000000000000000000000d0 /* app/TerentoCore/Sources/TerentoPoC/Statistics/MapStatisticsEvent.swift in Sources */,
				0000000000000000000000d3 /* app/TerentoCore/Sources/TerentoPoC/Views/DiagnosticsView.swift in Sources */,
				0000000000000000000000d4 /* app/TerentoCore/Sources/TerentoPoC/Telemetry/TerentoTelemetryMetadata.swift in Sources */,
				0000000000000000000000b0 /* app/TerentoCore/Sources/TerentoPoC/Compatibility/InstallationEvidence.swift in Sources */,
				0000000000000000000000b2 /* app/TerentoCore/Sources/TerentoPoC/Diagnostics/InstallationIssueReport.swift in Sources */,
				000000000000000000000016 /* app/TerentoCore/Sources/TerentoPoC/Compatibility/CompatibilityEngine.swift in Sources */,
				000000000000000000000018 /* app/TerentoCore/Sources/TerentoPoC/Compatibility/CompatibilityPresentation.swift in Sources */,
				00000000000000000000001a /* app/TerentoCore/Sources/TerentoPoC/Compatibility/DeviceAssetRegistry.swift in Sources */,
				00000000000000000000001c /* app/TerentoCore/Sources/TerentoPoC/Compatibility/DeviceIdentity.swift in Sources */,
				00000000000000000000001e /* app/TerentoCore/Sources/TerentoPoC/Compatibility/DevicePresentation.swift in Sources */,
				000000000000000000000020 /* app/TerentoCore/Sources/TerentoPoC/Compatibility/DeviceRegistry.swift in Sources */,
				000000000000000000000022 /* app/TerentoCore/Sources/TerentoPoC/Compatibility/GarminDeviceIdentityAdapter.swift in Sources */,
				000000000000000000000024 /* app/TerentoCore/Sources/TerentoPoC/Concurrency/CancellableDetached.swift in Sources */,
				B11000000000000000000001 /* app/TerentoCore/Sources/TerentoPoC/MTPTransport/BoundedNativeProcess.swift in Sources */,
				000000000000000000000026 /* app/TerentoCore/Sources/TerentoPoC/DeviceEngine/DeviceEngine.swift in Sources */,
				000000000000000000000028 /* app/TerentoCore/Sources/TerentoPoC/DeviceEngine/DeviceStateManager.swift in Sources */,
				00000000000000000000002a /* app/TerentoCore/Sources/TerentoPoC/Errors/UserFacingErrorMessage.swift in Sources */,
				00000000000000000000002c /* app/TerentoCore/Sources/TerentoPoC/Installation/InstallProfile.swift in Sources */,
				00000000000000000000002e /* app/TerentoCore/Sources/TerentoPoC/Installation/InstallationFailureRecovery.swift in Sources */,
				000000000000000000000030 /* app/TerentoCore/Sources/TerentoPoC/Installation/InstallationPreflight.swift in Sources */,
				000000000000000000000032 /* app/TerentoCore/Sources/TerentoPoC/Installation/InstallationSafetyModels.swift in Sources */,
				000000000000000000000034 /* app/TerentoCore/Sources/TerentoPoC/Installation/InstallationTransaction.swift in Sources */,
				000000000000000000000036 /* app/TerentoCore/Sources/TerentoPoC/Installation/InstallationTransportProtocols.swift in Sources */,
				000000000000000000000038 /* app/TerentoCore/Sources/TerentoPoC/Installation/MTPMapInstallationTransport.swift in Sources */,
				A12560000000000000000004 /* app/TerentoCore/Sources/TerentoPoC/Installation/NativeMutationLedger.swift in Sources */,
				00000000000000000000003a /* app/TerentoCore/Sources/TerentoPoC/Installation/MTPMapReadAdapter.swift in Sources */,
				00000000000000000000003c /* app/TerentoCore/Sources/TerentoPoC/Installation/MTPSafeDeleteTransport.swift in Sources */,
				00000000000000000000003e /* app/TerentoCore/Sources/TerentoPoC/Installation/MTPSafeUpdateTransport.swift in Sources */,
				000000000000000000000040 /* app/TerentoCore/Sources/TerentoPoC/Installation/ManagedFilename.swift in Sources */,
				000000000000000000000042 /* app/TerentoCore/Sources/TerentoPoC/Installation/MapConflictResolver.swift in Sources */,
				000000000000000000000044 /* app/TerentoCore/Sources/TerentoPoC/Installation/MapInstallationCoordinator.swift in Sources */,
				A12560000000000000000002 /* app/TerentoCore/Sources/TerentoPoC/Installation/ProtectedMapInventory.swift in Sources */,
				000000000000000000000046 /* app/TerentoCore/Sources/TerentoPoC/Installation/MapLifecycle.swift in Sources */,
				000000000000000000000048 /* app/TerentoCore/Sources/TerentoPoC/Installation/MapLifecycleOperationController.swift in Sources */,
				00000000000000000000004a /* app/TerentoCore/Sources/TerentoPoC/Installation/MapLifecyclePresentation.swift in Sources */,
				00000000000000000000004c /* app/TerentoCore/Sources/TerentoPoC/Installation/MapLifecycleViewModel.swift in Sources */,
				00000000000000000000004e /* app/TerentoCore/Sources/TerentoPoC/Installation/MapSourceValidator.swift in Sources */,
				000000000000000000000050 /* app/TerentoCore/Sources/TerentoPoC/Installation/MapReadTransport.swift in Sources */,
				000000000000000000000052 /* app/TerentoCore/Sources/TerentoPoC/Installation/SafeDeleteAdapter.swift in Sources */,
				000000000000000000000054 /* app/TerentoCore/Sources/TerentoPoC/Installation/SafeUpdateTransaction.swift in Sources */,
				000000000000000000000056 /* app/TerentoCore/Sources/TerentoPoC/Installation/Stage42TargetPolicy.swift in Sources */,
				000000000000000000000058 /* app/TerentoCore/Sources/TerentoPoC/Installation/StoragePlanner.swift in Sources */,
				00000000000000000000005a /* app/TerentoCore/Sources/TerentoPoC/Installation/TerentoManifestStore.swift in Sources */,
				00000000000000000000005c /* app/TerentoCore/Sources/TerentoPoC/Installation/TransferVerification.swift in Sources */,
				00000000000000000000005e /* app/TerentoCore/Sources/TerentoPoC/MTPTransport/MTPOperationGate.swift in Sources */,
				000000000000000000000060 /* app/TerentoCore/Sources/TerentoPoC/MTPTransport/MTPTransport.swift in Sources */,
				000000000000000000000062 /* app/TerentoCore/Sources/TerentoPoC/MapCatalog/InstalledMap.swift in Sources */,
				0000000000000000000000c1 /* app/TerentoCore/Sources/TerentoPoC/MapCatalog/MapArtifactPlanning.swift in Sources */,
				000000000000000000000064 /* app/TerentoCore/Sources/TerentoPoC/MapCatalog/MapCatalogLoader.swift in Sources */,
				000000000000000000000066 /* app/TerentoCore/Sources/TerentoPoC/MapCatalog/MapComparison.swift in Sources */,
				000000000000000000000068 /* app/TerentoCore/Sources/TerentoPoC/MapCatalog/MapEngine.swift in Sources */,
				00000000000000000000006a /* app/TerentoCore/Sources/TerentoPoC/MapCatalog/MapIdentity.swift in Sources */,
				00000000000000000000006c /* app/TerentoCore/Sources/TerentoPoC/MapCatalog/MapInventoryList.swift in Sources */,
				00000000000000000000006e /* app/TerentoCore/Sources/TerentoPoC/MapCatalog/MapModels.swift in Sources */,
				000000000000000000000070 /* app/TerentoCore/Sources/TerentoPoC/MapCatalog/MapOwnership.swift in Sources */,
				000000000000000000000072 /* app/TerentoCore/Sources/TerentoPoC/MapCatalog/MapPackageAcquisition.swift in Sources */,
				BBB100000000000000000002 /* app/TerentoCore/Sources/TerentoPoC/MapCatalog/BBBikeArchiveSafety.swift in Sources */,
				000000000000000000000074 /* app/TerentoCore/Sources/TerentoPoC/MapCatalog/MapPresentation.swift in Sources */,
				000000000000000000000076 /* app/TerentoCore/Sources/TerentoPoC/MapCatalog/MapSelectionPlanner.swift in Sources */,
				000000000000000000000078 /* app/TerentoCore/Sources/TerentoPoC/MapCatalog/MapSelectionPresentation.swift in Sources */,
				CA7A10600000000000000002 /* app/TerentoCore/Sources/TerentoPoC/Views/MapInventoryListPresentation.swift in Sources */,
				00000000000000000000007a /* app/TerentoCore/Sources/TerentoPoC/MapCatalog/MapStorageEvaluator.swift in Sources */,
				00000000000000000000007c /* app/TerentoCore/Sources/TerentoPoC/MapCatalog/MapVersion.swift in Sources */,
				00000000000000000000007e /* app/TerentoCore/Sources/TerentoPoC/Models/MTPModels.swift in Sources */,
				000000000000000000000080 /* app/TerentoCore/Sources/TerentoPoC/TerentoPoCApp.swift in Sources */,
				000000000000000000000082 /* app/TerentoCore/Sources/TerentoPoC/Views/ConnectScreen.swift in Sources */,
				000000000000000000000084 /* app/TerentoCore/Sources/TerentoPoC/Views/ContentView.swift in Sources */,
				000000000000000000000086 /* app/Terento/TerentoAppResourceCompatibility.swift in Sources */,
				000000000000000000000088 /* app/TerentoCore/Sources/LibMTPBridge/MTPBridge.c in Sources */,
				00000000000000000000009d /* app/TerentoCore/Sources/TerentoPoC/Views/NavigationPresentation.swift in Sources */,
				00000000000000000000009f /* app/TerentoCore/Sources/TerentoPoC/Views/WindowPresentation.swift in Sources */,
				0000000000000000000000a3 /* app/TerentoCore/Sources/TerentoPoC/Views/AppLinks.swift in Sources */,
				0000000000000000000000a5 /* app/TerentoCore/Sources/TerentoPoC/Views/AboutTerentoView.swift in Sources */,
				0000000000000000000000a7 /* app/TerentoCore/Sources/TerentoPoC/Compatibility/MapCapability.swift in Sources */,
				0000000000000000000000ad /* app/TerentoCore/Sources/TerentoPoC/Diagnostics/TerentoDiagnosticLog.swift in Sources */,
				0000000000000000000000b4 /* app/TerentoCore/Sources/TerentoPoC/Compatibility/CompatibilityStatusClient.swift in Sources */,
				0000000000000000000000b6 /* app/TerentoCore/Sources/TerentoPoC/Installation/MTPMapOperationProfileBridge.swift in Sources */,
				0000000000000000000000b8 /* app/TerentoCore/Sources/TerentoPoC/Installation/ManagedMapRecovery.swift in Sources */,
				0000000000000000000000ba /* app/TerentoCore/Sources/TerentoPoC/Views/DesignSystem/TerentoTokens.generated.swift in Sources */,
				0000000000000000000000bc /* app/TerentoCore/Sources/TerentoPoC/Views/DesignSystem/TerentoColors.swift in Sources */,
				0000000000000000000000be /* app/TerentoCore/Sources/TerentoPoC/Views/DesignSystem/TerentoTypography.swift in Sources */,
			);
			runOnlyForDeploymentPostprocessing = 0;
		};
/* End PBXSourcesBuildPhase section */

/* Begin XCBuildConfiguration section */
		000000000000000000000005 /* Debug */ = {
			isa = XCBuildConfiguration;
			buildSettings = {
				ARCHS = arm64;
				CLANG_ENABLE_MODULES = YES;
				CLANG_ENABLE_OBJC_ARC = YES;
				MACOSX_DEPLOYMENT_TARGET = 13.0;
				SDKROOT = macosx;
				SWIFT_VERSION = 6.0;
			};
			name = Debug;
		};
		000000000000000000000006 /* Release */ = {
			isa = XCBuildConfiguration;
			buildSettings = {
				ARCHS = arm64;
				CLANG_ENABLE_MODULES = YES;
				CLANG_ENABLE_OBJC_ARC = YES;
				MACOSX_DEPLOYMENT_TARGET = 13.0;
				SDKROOT = macosx;
				SWIFT_VERSION = 6.0;
			};
			name = Release;
		};
		000000000000000000000007 /* Debug */ = {
			isa = XCBuildConfiguration;
			buildSettings = {
				ARCHS = arm64;
				ASSETCATALOG_COMPILER_APPICON_NAME = AppIcon;
				ASSETCATALOG_COMPILER_INCLUDE_ALL_APPICON_ASSETS = NO;
				CODE_SIGN_ENTITLEMENTS = app/Terento/Terento.entitlements;
				CODE_SIGN_IDENTITY = "-";
				CODE_SIGN_INJECT_BASE_ENTITLEMENTS = YES;
				CODE_SIGN_STYLE = Manual;
				CURRENT_PROJECT_VERSION = 32;
				DEBUG_INFORMATION_FORMAT = dwarf;
				DEVELOPMENT_TEAM = VXALAZU3B5;
				ENABLE_HARDENED_RUNTIME = NO;
				GCC_PREPROCESSOR_DEFINITIONS = (
					"DEBUG=1",
					"TERENTO_BUNDLED_MTP=1",
					"$(inherited)",
				);
				GENERATE_INFOPLIST_FILE = NO;
				HEADER_SEARCH_PATHS = (
					"$(DERIVED_FILE_DIR)/TerentoNativeDependencies/include",
					"$(DERIVED_FILE_DIR)/TerentoNativeDependencies/include/libusb-1.0",
					"$(inherited)",
				);
				INFOPLIST_FILE = app/Terento/Info.plist;
				INFOPLIST_KEY_CFBundleDisplayName = Terento;
				INFOPLIST_KEY_LSApplicationCategoryType = "public.app-category.utilities";
				LD_RUNPATH_SEARCH_PATHS = (
					"$(inherited)",
					"@executable_path/../Frameworks",
				);
				LIBRARY_SEARCH_PATHS = (
					"$(DERIVED_FILE_DIR)/TerentoNativeDependencies/lib",
					"$(inherited)",
				);
				MACOSX_DEPLOYMENT_TARGET = 13.0;
				MARKETING_VERSION = 1.0.0;
				ONLY_ACTIVE_ARCH = YES;
				OTHER_LDFLAGS = (
					"$(inherited)",
					"-lmtp",
					"-lusb-1.0",
				);
				PRODUCT_BUNDLE_IDENTIFIER = app.terento.mac;
				PRODUCT_NAME = Terento;
				SUPPORTED_PLATFORMS = macosx;
				SWIFT_ACTIVE_COMPILATION_CONDITIONS = "DEBUG TERENTO_BUNDLED_MTP";
				SWIFT_COMPILATION_MODE = incremental;
				SWIFT_OBJC_BRIDGING_HEADER = "$(SRCROOT)/app/Terento/Terento-Bridging-Header.h";
				SWIFT_OPTIMIZATION_LEVEL = "-Onone";
				TERENTO_RELEASE_CHANNEL = beta;
				TERENTO_RELEASE_LABEL = "1.0.0-beta.12-local";
			};
			name = Debug;
		};
		000000000000000000000008 /* Release */ = {
			isa = XCBuildConfiguration;
			buildSettings = {
				ARCHS = arm64;
				ASSETCATALOG_COMPILER_APPICON_NAME = AppIcon;
				ASSETCATALOG_COMPILER_INCLUDE_ALL_APPICON_ASSETS = NO;
				CODE_SIGN_ENTITLEMENTS = app/Terento/Terento.entitlements;
				CODE_SIGN_IDENTITY = "Developer ID Application";
				CODE_SIGN_INJECT_BASE_ENTITLEMENTS = NO;
				CODE_SIGN_STYLE = Manual;
				CURRENT_PROJECT_VERSION = 32;
				DEBUG_INFORMATION_FORMAT = "dwarf-with-dsym";
				DEVELOPMENT_TEAM = VXALAZU3B5;
				ENABLE_HARDENED_RUNTIME = YES;
				GCC_GENERATE_DEBUGGING_SYMBOLS = YES;
				GCC_PREPROCESSOR_DEFINITIONS = (
					"NDEBUG=1",
					"TERENTO_BUNDLED_MTP=1",
					"$(inherited)",
				);
				GENERATE_INFOPLIST_FILE = NO;
				HEADER_SEARCH_PATHS = (
					"$(DERIVED_FILE_DIR)/TerentoNativeDependencies/include",
					"$(DERIVED_FILE_DIR)/TerentoNativeDependencies/include/libusb-1.0",
					"$(inherited)",
				);
				INFOPLIST_FILE = app/Terento/Info.plist;
				INFOPLIST_KEY_CFBundleDisplayName = Terento;
				INFOPLIST_KEY_LSApplicationCategoryType = "public.app-category.utilities";
				LD_RUNPATH_SEARCH_PATHS = (
					"$(inherited)",
					"@executable_path/../Frameworks",
				);
				LIBRARY_SEARCH_PATHS = (
					"$(DERIVED_FILE_DIR)/TerentoNativeDependencies/lib",
					"$(inherited)",
				);
				MACOSX_DEPLOYMENT_TARGET = 13.0;
				MARKETING_VERSION = 1.0.0;
				ONLY_ACTIVE_ARCH = NO;
				OTHER_LDFLAGS = (
					"$(inherited)",
					"-lmtp",
					"-lusb-1.0",
				);
				PRODUCT_BUNDLE_IDENTIFIER = app.terento.mac;
				PRODUCT_NAME = Terento;
				SUPPORTED_PLATFORMS = macosx;
				SWIFT_ACTIVE_COMPILATION_CONDITIONS = "RELEASE TERENTO_BUNDLED_MTP";
				SWIFT_COMPILATION_MODE = wholemodule;
				SWIFT_OBJC_BRIDGING_HEADER = "$(SRCROOT)/app/Terento/Terento-Bridging-Header.h";
				SWIFT_OPTIMIZATION_LEVEL = "-O";
				TERENTO_RELEASE_CHANNEL = beta;
				TERENTO_RELEASE_LABEL = "1.0.0-beta.12";
				VALIDATE_PRODUCT = YES;
			};
			name = Release;
		};
/* End XCBuildConfiguration section */

/* Begin XCConfigurationList section */
		000000000000000000000003 /* Build configuration list for PBXProject "Terento" */ = {
			isa = XCConfigurationList;
			buildConfigurations = (
				000000000000000000000005 /* Debug */,
				000000000000000000000006 /* Release */,
			);
			defaultConfigurationIsVisible = 0;
			defaultConfigurationName = Release;
		};
		000000000000000000000004 /* Build configuration list for PBXNativeTarget "Terento" */ = {
			isa = XCConfigurationList;
			buildConfigurations = (
				000000000000000000000007 /* Debug */,
				000000000000000000000008 /* Release */,
			);
			defaultConfigurationIsVisible = 0;
			defaultConfigurationName = Release;
		};
/* End XCConfigurationList section */
	};
	rootObject = 000000000000000000000001 /* Project object */;
}
